// !$*UTF8*$!
{
	archiveVersion = 1;
	classes = {
	};
	objectVersion = 46;
	objects = {

/* Begin PBXBuildFile section */
		499607B11F3312560000E269 /* main.m in Sources */ = {isa = PBXBuildFile; fileRef = 499607B01F3312560000E269 /* main.m */; };
		499607B41F3312560000E269 /* AppDelegate.m in Sources */ = {isa = PBXBuildFile; fileRef = 499607B31F3312560000E269 /* AppDelegate.m */; };
		499607B71F3312560000E269 /* ViewController.m in Sources */ = {isa = PBXBuildFile; fileRef = 499607B61F3312560000E269 /* ViewController.m */; };
		499607BA1F3312560000E269 /* Main.storyboard in Resources */ = {isa = PBXBuildFile; fileRef = 499607B81F3312560000E269 /* Main.storyboard */; };
		499607BC1F3312560000E269 /* Assets.xcassets in Resources */ = {isa = PBXBuildFile; fileRef = 499607BB1F3312560000E269 /* Assets.xcassets */; };
		499607BF1F3312560000E269 /* LaunchScreen.storyboard in Resources */ = {isa = PBXBuildFile; fileRef = 499607BD1F3312560000E269 /* LaunchScreen.storyboard */; };
		499607CA1F3312560000E269 /* DialControlTests.m in Sources */ = {isa = PBXBuildFile; fileRef = 499607C91F3312560000E269 /* DialControlTests.m */; };
		499607D61F33133D0000E269 /* SwirlGestureRecognizer.m in Sources */ = {isa = PBXBuildFile; fileRef = 499607D51F33133D0000E269 /* SwirlGestureRecognizer.m */; };
/* End PBXBuildFile section */

/* Begin PBXContainerItemProxy section */
		499607C61F3312560000E269 /* PBXContainerItemProxy */ = {
			isa = PBXContainerItemProxy;
			containerPortal = 499607A41F3312560000E269 /* Project object */;
			proxyType = 1;
			remoteGlobalIDString = 499607AB1F3312560000E269;
			remoteInfo = DialControl;
		};
/* End PBXContainerItemProxy section */

/* Begin PBXFileReference section */
		499607AC1F3312560000E269 /* DialControl.app */ = {isa = PBXFileReference; explicitFileType = wrapper.application; includeInIndex = 0; path = DialControl.app; sourceTree = BUILT_PRODUCTS_DIR; };
		499607B01F3312560000E269 /* main.m */ = {isa = PBXFileReference; lastKnownFileType = sourcecode.c.objc; path = main.m; sourceTree = "<group>"; };
		499607B21F3312560000E269 /* AppDelegate.h */ = {isa = PBXFileReference; lastKnownFileType = sourcecode.c.h; path = AppDelegate.h; sourceTree = "<group>"; };
		499607B31F3312560000E269 /* AppDelegate.m */ = {isa = PBXFileReference; lastKnownFileType = sourcecode.c.objc; path = AppDelegate.m; sourceTree = "<group>"; };
		499607B51F3312560000E269 /* ViewController.h */ = {isa = PBXFileReference; lastKnownFileType = sourcecode.c.h; path = ViewController.h; sourceTree = "<group>"; };
		499607B61F3312560000E269 /* ViewController.m */ = {isa = PBXFileReference; lastKnownFileType = sourcecode.c.objc; path = ViewController.m; sourceTree = "<group>"; };
		499607B91F3312560000E269 /* Base */ = {isa = PBXFileReference; lastKnownFileType = file.storyboard; name = Base; path = Base.lproj/Main.storyboard; sourceTree = "<group>"; };
		499607BB1F3312560000E269 /* Assets.xcassets */ = {isa = PBXFileReference; lastKnownFileType = folder.assetcatalog; path = Assets.xcassets; sourceTree = "<group>"; };
		499607BE1F3312560000E269 /* Base */ = {isa = PBXFileReference; lastKnownFileType = file.storyboard; name = Base; path = Base.lproj/LaunchScreen.storyboard; sourceTree = "<group>"; };
		499607C01F3312560000E269 /* Info.plist */ = {isa = PBXFileReference; lastKnownFileType = text.plist.xml; path = Info.plist; sourceTree = "<group>"; };
		499607C51F3312560000E269 /* DialControlTests.xctest */ = {isa = PBXFileReference; explicitFileType = wrapper.cfbundle; includeInIndex = 0; path = DialControlTests.xctest; sourceTree = BUILT_PRODUCTS_DIR; };
		499607C91F3312560000E269 /* DialControlTests.m */ = {isa = PBXFileReference; lastKnownFileType = sourcecode.c.objc; path = DialControlTests.m; sourceTree = "<group>"; };
		499607CB1F3312560000E269 /* Info.plist */ = {isa = PBXFileReference; lastKnownFileType = text.plist.xml; path = Info.plist; sourceTree = "<group>"; };
		499607D41F33133D0000E269 /* SwirlGestureRecognizer.h */ = {isa = PBXFileReference; fileEncoding = 4; lastKnownFileType = sourcecode.c.h; path = SwirlGestureRecognizer.h; sourceTree = "<group>"; };
		499607D51F33133D0000E269 /* SwirlGestureRecognizer.m */ = {isa = PBXFileReference; fileEncoding = 4; lastKnownFileType = sourcecode.c.objc; path = SwirlGestureRecognizer.m; sourceTree = "<group>"; };
/* End PBXFileReference section */

/* Begin PBXFrameworksBuildPhase section */
		499607A91F3312560000E269 /* Frameworks */ = {
			isa = PBXFrameworksBuildPhase;
			buildActionMask = 2147483647;
			files = (
			);
			runOnlyForDeploymentPostprocessing = 0;
		};
		499607C21F3312560000E269 /* Frameworks */ = {
			isa = PBXFrameworksBuildPhase;
			buildActionMask = 2147483647;
			files = (
			);
			runOnlyForDeploymentPostprocessing = 0;
		};
/* End PBXFrameworksBuildPhase section */

/* Begin PBXGroup section */
		499607A31F3312560000E269 = {
			isa = PBXGroup;
			children = (
				499607AE1F3312560000E269 /* DialControl */,
				499607C81F3312560000E269 /* DialControlTests */,
				499607AD1F3312560000E269 /* Products */,
			);
			sourceTree = "<group>";
		};
		499607AD1F3312560000E269 /* Products */ = {
			isa = PBXGroup;
			children = (
				499607AC1F3312560000E269 /* DialControl.app */,
				499607C51F3312560000E269 /* DialControlTests.xctest */,
			);
			name = Products;
			sourceTree = "<group>";
		};
		499607AE1F3312560000E269 /* DialControl */ = {
			isa = PBXGroup;
			children = (
				499607B21F3312560000E269 /* AppDelegate.h */,
				499607B31F3312560000E269 /* AppDelegate.m */,
				499607B51F3312560000E269 /* ViewController.h */,
				499607B61F3312560000E269 /* ViewController.m */,
				499607B81F3312560000E269 /* Main.storyboard */,
				499607BB1F3312560000E269 /* Assets.xcassets */,
				499607BD1F3312560000E269 /* LaunchScreen.storyboard */,
				499607C01F3312560000E269 /* Info.plist */,
				499607AF1F3312560000E269 /* Supporting Files */,
				499607D41F33133D0000E269 /* SwirlGestureRecognizer.h */,
				499607D51F33133D0000E269 /* SwirlGestureRecognizer.m */,
			);
			path = DialControl;
			sourceTree = "<group>";
		};
		499607AF1F3312560000E269 /* Supporting Files */ = {
			isa = PBXGroup;
			children = (
				499607B01F3312560000E269 /* main.m */,
			);
			name = "Supporting Files";
			sourceTree = "<group>";
		};
		499607C81F3312560000E269 /* DialControlTests */ = {
			isa = PBXGroup;
			children = (
				499607C91F3312560000E269 /* DialControlTests.m */,
				499607CB1F3312560000E269 /* Info.plist */,
			);
			path = DialControlTests;
			sourceTree = "<group>";
		};
/* End PBXGroup section */

/* Begin PBXNativeTarget section */
		499607AB1F3312560000E269 /* DialControl */ = {
			isa = PBXNativeTarget;
			buildConfigurationList = 499607CE1F3312560000E269 /* Build configuration list for PBXNativeTarget "DialControl" */;
			buildPhases = (
				499607A81F3312560000E269 /* Sources */,
				499607A91F3312560000E269 /* Frameworks */,
				499607AA1F3312560000E269 /* Resources */,
			);
			buildRules = (
			);
			dependencies = (
			);
			name = DialControl;
			productName = DialControl;
			productReference = 499607AC1F3312560000E269 /* DialControl.app */;
			productType = "com.apple.product-type.application";
		};
		499607C41F3312560000E269 /* DialControlTests */ = {
			isa = PBXNativeTarget;
			buildConfigurationList = 499607D11F3312560000E269 /* Build configuration list for PBXNativeTarget "DialControlTests" */;
			buildPhases = (
				499607C11F3312560000E269 /* Sources */,
				499607C21F3312560000E269 /* Frameworks */,
				499607C31F3312560000E269 /* Resources */,
			);
			buildRules = (
			);
			dependencies = (
				499607C71F3312560000E269 /* PBXTargetDependency */,
			);
			name = DialControlTests;
			productName = DialControlTests;
			productReference = 499607C51F3312560000E269 /* DialControlTests.xctest */;
			productType = "com.apple.product-type.bundle.unit-test";
		};
/* End PBXNativeTarget section */

/* Begin PBXProject section */
		499607A41F3312560000E269 /* Project object */ = {
			isa = PBXProject;
			attributes = {
				LastUpgradeCheck = 0830;
				ORGANIZATIONNAME = "Bas van der Hoek";
				TargetAttributes = {
					499607AB1F3312560000E269 = {
						CreatedOnToolsVersion = 8.3.3;
						DevelopmentTeam = 6MWBEMLK39;
						ProvisioningStyle = Automatic;
					};
					499607C41F3312560000E269 = {
						CreatedOnToolsVersion = 8.3.3;
						DevelopmentTeam = 6MWBEMLK39;
						ProvisioningStyle = Automatic;
						TestTargetID = 499607AB1F3312560000E269;
					};
				};
			};
			buildConfigurationList = 499607A71F3312560000E269 /* Build configuration list for PBXProject "DialControl" */;
			compatibilityVersion = "Xcode 3.2";
			developmentRegion = English;
			hasScannedForEncodings = 0;
			knownRegions = (
				en,
				Base,
			);
			mainGroup = 499607A31F3312560000E269;
			productRefGroup = 499607AD1F3312560000E269 /* Products */;
			projectDirPath = "";
			projectRoot = "";
			targets = (
				499607AB1F3312560000E269 /* DialControl */,
				499607C41F3312560000E269 /* DialControlTests */,
			);
		};
/* End PBXProject section */

/* Begin PBXResourcesBuildPhase section */
		499607AA1F3312560000E269 /* Resources */ = {
			isa = PBXResourcesBuildPhase;
			buildActionMask = 2147483647;
			files = (
				499607BF1F3312560000E269 /* LaunchScreen.storyboard in Resources */,
				499607BC1F3312560000E269 /* Assets.xcassets in Resources */,
				499607BA1F3312560000E269 /* Main.storyboard in Resources */,
			);
			runOnlyForDeploymentPostprocessing = 0;
		};
		499607C31F3312560000E269 /* Resources */ = {
			isa = PBXResourcesBuildPhase;
			buildActionMask = 2147483647;
			files = (
			);
			runOnlyForDeploymentPostprocessing = 0;
		};
/* End PBXResourcesBuildPhase section */

/* Begin PBXSourcesBuildPhase section */
		499607A81F3312560000E269 /* Sources */ = {
			isa = PBXSourcesBuildPhase;
			buildActionMask = 2147483647;
			files = (
				499607B71F3312560000E269 /* ViewController.m in Sources */,
				499607B41F3312560000E269 /* AppDelegate.m in Sources */,
				499607B11F3312560000E269 /* main.m in Sources */,
				499607D61F33133D0000E269 /* SwirlGestureRecognizer.m in Sources */,
			);
			runOnlyForDeploymentPostprocessing = 0;
		};
		499607C11F3312560000E269 /* Sources */ = {
			isa = PBXSourcesBuildPhase;
			buildActionMask = 2147483647;
			files = (
				499607CA1F3312560000E269 /* DialControlTests.m in Sources */,
			);
			runOnlyForDeploymentPostprocessing = 0;
		};
/* End PBXSourcesBuildPhase section */

/* Begin PBXTargetDependency section */
		499607C71F3312560000E269 /* PBXTargetDependency */ = {
			isa = PBXTargetDependency;
			target = 499607AB1F3312560000E269 /* DialControl */;
			targetProxy = 499607C61F3312560000E269 /* PBXContainerItemProxy */;
		};
/* End PBXTargetDependency section */

/* Begin PBXVariantGroup section */
		499607B81F3312560000E269 /* Main.storyboard */ = {
			isa = PBXVariantGroup;
			children = (
				499607B91F3312560000E269 /* Base */,
			);
			name = Main.storyboard;
			sourceTree = "<group>";
		};
		499607BD1F3312560000E269 /* LaunchScreen.storyboard */ = {
			isa = PBXVariantGroup;
			children = (
				499607BE1F3312560000E269 /* Base */,
			);
			name = LaunchScreen.storyboard;
			sourceTree = "<group>";
		};
/* End PBXVariantGroup section */

/* Begin XCBuildConfiguration section */
		499607CC1F3312560000E269 /* Debug */ = {
			isa = XCBuildConfiguration;
			buildSettings = {
				ALWAYS_SEARCH_USER_PATHS = NO;
				CLANG_ANALYZER_NONNULL = YES;
				CLANG_ANALYZER_NUMBER_OBJECT_CONVERSION = YES_AGGRESSIVE;
				CLANG_CXX_LANGUAGE_STANDARD = "gnu++0x";
				CLANG_CXX_LIBRARY = "libc++";
				CLANG_ENABLE_MODULES = YES;
				CLANG_ENABLE_OBJC_ARC = YES;
				CLANG_WARN_BOOL_CONVERSION = YES;
				CLANG_WARN_CONSTANT_CONVERSION = YES;
				CLANG_WARN_DIRECT_OBJC_ISA_USAGE = YES_ERROR;
				CLANG_WARN_DOCUMENTATION_COMMENTS = YES;
				CLANG_WARN_EMPTY_BODY = YES;
				CLANG_WARN_ENUM_CONVERSION = YES;
				CLANG_WARN_INFINITE_RECURSION = YES;
				CLANG_WARN_INT_CONVERSION = YES;
				CLANG_WARN_OBJC_ROOT_CLASS = YES_ERROR;
				CLANG_WARN_SUSPICIOUS_MOVE = YES;
				CLANG_WARN_UNREACHABLE_CODE = YES;
				CLANG_WARN__DUPLICATE_METHOD_MATCH = YES;
				"CODE_SIGN_IDENTITY[sdk=iphoneos*]" = "iPhone Developer";
				COPY_PHASE_STRIP = NO;
				DEBUG_INFORMATION_FORMAT = dwarf;
				ENABLE_STRICT_OBJC_MSGSEND = YES;
				ENABLE_TESTABILITY = YES;
				GCC_C_LANGUAGE_STANDARD = gnu99;
				GCC_DYNAMIC_NO_PIC = NO;
				GCC_NO_COMMON_BLOCKS = YES;
				GCC_OPTIMIZATION_LEVEL = 0;
				GCC_PREPROCESSOR_DEFINITIONS = (
					"DEBUG=1",
					"$(inherited)",
				);
				GCC_WARN_64_TO_32_BIT_CONVERSION = YES;
				GCC_WARN_ABOUT_RETURN_TYPE = YES_ERROR;
				GCC_WARN_UNDECLARED_SELECTOR = YES;
				GCC_WARN_UNINITIALIZED_AUTOS = YES_AGGRESSIVE;
				GCC_WARN_UNUSED_FUNCTION = YES;
				GCC_WARN_UNUSED_VARIABLE = YES;
				IPHONEOS_DEPLOYMENT_TARGET = 10.3;
				MTL_ENABLE_DEBUG_INFO = YES;
				ONLY_ACTIVE_ARCH = YES;
				SDKROOT = iphoneos;
				TARGETED_DEVICE_FAMILY = "1,2";
			};
			name = Debug;
		};
		499607CD1F3312560000E269 /* Release */ = {
			isa = XCBuildConfiguration;
			buildSettings = {
				ALWAYS_SEARCH_USER_PATHS = NO;
				CLANG_ANALYZER_NONNULL = YES;
				CLANG_ANALYZER_NUMBER_OBJECT_CONVERSION = YES_AGGRESSIVE;
				CLANG_CXX_LANGUAGE_STANDARD = "gnu++0x";
				CLANG_CXX_LIBRARY = "libc++";
				CLANG_ENABLE_MODULES = YES;
				CLANG_ENABLE_OBJC_ARC = YES;
				CLANG_WARN_BOOL_CONVERSION = YES;
				CLANG_WARN_CONSTANT_CONVERSION = YES;
				CLANG_WARN_DIRECT_OBJC_ISA_USAGE = YES_ERROR;
				CLANG_WARN_DOCUMENTATION_COMMENTS = YES;
				CLANG_WARN_EMPTY_BODY = YES;
				CLANG_WARN_ENUM_CONVERSION = YES;
				CLANG_WARN_INFINITE_RECURSION = YES;
				CLANG_WARN_INT_CONVERSION = YES;
				CLANG_WARN_OBJC_ROOT_CLASS = YES_ERROR;
				CLANG_WARN_SUSPICIOUS_MOVE = YES;
				CLANG_WARN_UNREACHABLE_CODE = YES;
				CLANG_WARN__DUPLICATE_METHOD_MATCH = YES;
				"CODE_SIGN_IDENTITY[sdk=iphoneos*]" = "iPhone Developer";
				COPY_PHASE_STRIP = NO;
				DEBUG_INFORMATION_FORMAT = "dwarf-with-dsym";
				ENABLE_NS_ASSERTIONS = NO;
				ENABLE_STRICT_OBJC_MSGSEND = YES;
				GCC_C_LANGUAGE_STANDARD = gnu99;
				GCC_NO_COMMON_BLOCKS = YES;
				GCC_WARN_64_TO_32_BIT_CONVERSION = YES;
				GCC_WARN_ABOUT_RETURN_TYPE = YES_ERROR;
				GCC_WARN_UNDECLARED_SELECTOR = YES;
				GCC_WARN_UNINITIALIZED_AUTOS = YES_AGGRESSIVE;
				GCC_WARN_UNUSED_FUNCTION = YES;
				GCC_WARN_UNUSED_VARIABLE = YES;
				IPHONEOS_DEPLOYMENT_TARGET = 10.3;
				MTL_ENABLE_DEBUG_INFO = NO;
				SDKROOT = iphoneos;
				TARGETED_DEVICE_FAMILY = "1,2";
				VALIDATE_PRODUCT = YES;
			};
			name = Release;
		};
		499607CF1F3312560000E269 /* Debug */ = {
			isa = XCBuildConfiguration;
			buildSettings = {
				ASSETCATALOG_COMPILER_APPICON_NAME = AppIcon;
				DEVELOPMENT_TEAM = 6MWBEMLK39;
				INFOPLIST_FILE = DialControl/Info.plist;
				LD_RUNPATH_SEARCH_PATHS = "$(inherited) @executable_path/Frameworks";
				PRODUCT_BUNDLE_IDENTIFIER = com.zilverline.DialControl;
				PRODUCT_NAME = "$(TARGET_NAME)";
			};
			name = Debug;
		};
		499607D01F3312560000E269 /* Release */ = {
			isa = XCBuildConfiguration;
			buildSettings = {
				ASSETCATALOG_COMPILER_APPICON_NAME = AppIcon;
				DEVELOPMENT_TEAM = 6MWBEMLK39;
				INFOPLIST_FILE = DialControl/Info.plist;
				LD_RUNPATH_SEARCH_PATHS = "$(inherited) @executable_path/Frameworks";
				PRODUCT_BUNDLE_IDENTIFIER = com.zilverline.DialControl;
				PRODUCT_NAME = "$(TARGET_NAME)";
			};
			name = Release;
		};
		499607D21F3312560000E269 /* Debug */ = {
			isa = XCBuildConfiguration;
			buildSettings = {
				BUNDLE_LOADER = "$(TEST_HOST)";
				DEVELOPMENT_TEAM = 6MWBEMLK39;
				INFOPLIST_FILE = DialControlTests/Info.plist;
				LD_RUNPATH_SEARCH_PATHS = "$(inherited) @executable_path/Frameworks @loader_path/Frameworks";
				PRODUCT_BUNDLE_IDENTIFIER = com.zilverline.DialControlTests;
				PRODUCT_NAME = "$(TARGET_NAME)";
				TEST_HOST = "$(BUILT_PRODUCTS_DIR)/DialControl.app/DialControl";
			};
			name = Debug;
		};
		499607D31F3312560000E269 /* Release */ = {
			isa = XCBuildConfiguration;
			buildSettings = {
				BUNDLE_LOADER = "$(TEST_HOST)";
				DEVELOPMENT_TEAM = 6MWBEMLK39;
				INFOPLIST_FILE = DialControlTests/Info.plist;
				LD_RUNPATH_SEARCH_PATHS = "$(inherited) @executable_path/Frameworks @loader_path/Frameworks";
				PRODUCT_BUNDLE_IDENTIFIER = com.zilverline.DialControlTests;
				PRODUCT_NAME = "$(TARGET_NAME)";
				TEST_HOST = "$(BUILT_PRODUCTS_DIR)/DialControl.app/DialControl";
			};
			name = Release;
		};
/* End XCBuildConfiguration section */

/* Begin XCConfigurationList section */
		499607A71F3312560000E269 /* Build configuration list for PBXProject "DialControl" */ = {
			isa = XCConfigurationList;
			buildConfigurations = (
				499607CC1F3312560000E269 /* Debug */,
				499607CD1F3312560000E269 /* Release */,
			);
			defaultConfigurationIsVisible = 0;
			defaultConfigurationName = Release;
		};
		499607CE1F3312560000E269 /* Build configuration list for PBXNativeTarget "DialControl" */ = {
			isa = XCConfigurationList;
			buildConfigurations = (
				499607CF1F3312560000E269 /* Debug */,
				499607D01F3312560000E269 /* Release */,
			);
			defaultConfigurationIsVisible = 0;
		};
		499607D11F3312560000E269 /* Build configuration list for PBXNativeTarget "DialControlTests" */ = {
			isa = XCConfigurationList;
			buildConfigurations = (
				499607D21F3312560000E269 /* Debug */,
				499607D31F3312560000E269 /* Release */,
			);
			defaultConfigurationIsVisible = 0;
		};
/* End XCConfigurationList section */
	};
	rootObject = 499607A41F3312560000E269 /* Project object */;
}
